// !$*UTF8*$!
{
	archiveVersion = 1;
	classes = {
	};
	objectVersion = 50;
	objects = {

/* Begin PBXBuildFile section */
		BC0B8E7725491A59000D4672 /* ExNavigationLinkApp.swift in Sources */ = {isa = PBXBuildFile; fileRef = BC0B8E7625491A59000D4672 /* ExNavigationLinkApp.swift */; };
		BC0B8E7B25491A5A000D4672 /* Assets.xcassets in Resources */ = {isa = PBXBuildFile; fileRef = BC0B8E7A25491A5A000D4672 /* Assets.xcassets */; };
		BC0B8E7E25491A5A000D4672 /* Preview Assets.xcassets in Resources */ = {isa = PBXBuildFile; fileRef = BC0B8E7D25491A5A000D4672 /* Preview Assets.xcassets */; };
		BC0B8E9D254A84F7000D4672 /* FirstView.swift in Sources */ = {isa = PBXBuildFile; fileRef = BC0B8E9C254A84F7000D4672 /* FirstView.swift */; };
		BC0B8EA0254A8514000D4672 /* SecondView.swift in Sources */ = {isa = PBXBuildFile; fileRef = BC0B8E9F254A8514000D4672 /* SecondView.swift */; };
/* End PBXBuildFile section */

/* Begin PBXFileReference section */
		BC0B8E7325491A59000D4672 /* ExNavigationLink.app */ = {isa = PBXFileReference; explicitFileType = wrapper.application; includeInIndex = 0; path = ExNavigationLink.app; sourceTree = BUILT_PRODUCTS_DIR; };
		BC0B8E7625491A59000D4672 /* ExNavigationLinkApp.swift */ = {isa = PBXFileReference; lastKnownFileType = sourcecode.swift; path = ExNavigationLinkApp.swift; sourceTree = "<group>"; };
		BC0B8E7A25491A5A000D4672 /* Assets.xcassets */ = {isa = PBXFileReference; lastKnownFileType = folder.assetcatalog; path = Assets.xcassets; sourceTree = "<group>"; };
		BC0B8E7D25491A5A000D4672 /* Preview Assets.xcassets */ = {isa = PBXFileReference; lastKnownFileType = folder.assetcatalog; path = "Preview Assets.xcassets"; sourceTree = "<group>"; };
		BC0B8E7F25491A5A000D4672 /* Info.plist */ = {isa = PBXFileReference; lastKnownFileType = text.plist.xml; path = Info.plist; sourceTree = "<group>"; };
		BC0B8E9C254A84F7000D4672 /* FirstView.swift */ = {isa = PBXFileReference; lastKnownFileType = sourcecode.swift; path = FirstView.swift; sourceTree = "<group>"; };
		BC0B8E9F254A8514000D4672 /* SecondView.swift */ = {isa = PBXFileReference; lastKnownFileType = sourcecode.swift; path = SecondView.swift; sourceTree = "<group>"; };
/* End PBXFileReference section */

/* Begin PBXFrameworksBuildPhase section */
		BC0B8E7025491A59000D4672 /* Frameworks */ = {
			isa = PBXFrameworksBuildPhase;
			buildActionMask = 2147483647;
			files = (
			);
			runOnlyForDeploymentPostprocessing = 0;
		};
/* End PBXFrameworksBuildPhase section */

/* Begin PBXGroup section */
		BC0B8E6A25491A59000D4672 = {
			isa = PBXGroup;
			children = (
				BC0B8E7525491A59000D4672 /* ExNavigationLink */,
				BC0B8E7425491A59000D4672 /* Products */,
			);
			sourceTree = "<group>";
		};
		BC0B8E7425491A59000D4672 /* Products */ = {
			isa = PBXGroup;
			children = (
				BC0B8E7325491A59000D4672 /* ExNavigationLink.app */,
			);
			name = Products;
			sourceTree = "<group>";
		};
		BC0B8E7525491A59000D4672 /* ExNavigationLink */ = {
			isa = PBXGroup;
			children = (
				BC0B8E7625491A59000D4672 /* ExNavigationLinkApp.swift */,
				BC0B8E9C254A84F7000D4672 /* FirstView.swift */,
				BC0B8E9F254A8514000D4672 /* SecondView.swift */,
				BC0B8E7A25491A5A000D4672 /* Assets.xcassets */,
				BC0B8E7F25491A5A000D4672 /* Info.plist */,
				BC0B8E7C25491A5A000D4672 /* Preview Content */,
			);
			path = ExNavigationLink;
			sourceTree = "<group>";
		};
		BC0B8E7C25491A5A000D4672 /* Preview Content */ = {
			isa = PBXGroup;
			children = (
				BC0B8E7D25491A5A000D4672 /* Preview Assets.xcassets */,
			);
			path = "Preview Content";
			sourceTree = "<group>";
		};
/* End PBXGroup section */

/* Begin PBXNativeTarget section */
		BC0B8E7225491A59000D4672 /* ExNavigationLink */ = {
			isa = PBXNativeTarget;
			buildConfigurationList = BC0B8E8225491A5A000D4672 /* Build configuration list for PBXNativeTarget "ExNavigationLink" */;
			buildPhases = (
				BC0B8E6F25491A59000D4672 /* Sources */,
				BC0B8E7025491A59000D4672 /* Frameworks */,
				BC0B8E7125491A59000D4672 /* Resources */,
			);
			buildRules = (
			);
			dependencies = (
			);
			name = ExNavigationLink;
			productName = ExNavigationLink;
			productReference = BC0B8E7325491A59000D4672 /* ExNavigationLink.app */;
			productType = "com.apple.product-type.application";
		};
/* End PBXNativeTarget section */

/* Begin PBXProject section */
		BC0B8E6B25491A59000D4672 /* Project object */ = {
			isa = PBXProject;
			attributes = {
				LastSwiftUpdateCheck = 1210;
				LastUpgradeCheck = 1210;
				TargetAttributes = {
					BC0B8E7225491A59000D4672 = {
						CreatedOnToolsVersion = 12.1;
					};
				};
			};
			buildConfigurationList = BC0B8E6E25491A59000D4672 /* Build configuration list for PBXProject "ExNavigationLink" */;
			compatibilityVersion = "Xcode 9.3";
			developmentRegion = en;
			hasScannedForEncodings = 0;
			knownRegions = (
				en,
				Base,
			);
			mainGroup = BC0B8E6A25491A59000D4672;
			productRefGroup = BC0B8E7425491A59000D4672 /* Products */;
			projectDirPath = "";
			projectRoot = "";
			targets = (
				BC0B8E7225491A59000D4672 /* ExNavigationLink */,
			);
		};
/* End PBXProject section */

/* Begin PBXResourcesBuildPhase section */
		BC0B8E7125491A59000D4672 /* Resources */ = {
			isa = PBXResourcesBuildPhase;
			buildActionMask = 2147483647;
			files = (
				BC0B8E7E25491A5A000D4672 /* Preview Assets.xcassets in Resources */,
				BC0B8E7B25491A5A000D4672 /* Assets.xcassets in Resources */,
			);
			runOnlyForDeploymentPostprocessing = 0;
		};
/* End PBXResourcesBuildPhase section */

/* Begin PBXSourcesBuildPhase section */
		BC0B8E6F25491A59000D4672 /* Sources */ = {
			isa = PBXSourcesBuildPhase;
			buildActionMask = 2147483647;
			files = (
				BC0B8E9D254A84F7000D4672 /* FirstView.swift in Sources */,
				BC0B8EA0254A8514000D4672 /* SecondView.swift in Sources */,
				BC0B8E7725491A59000D4672 /* ExNavigationLinkApp.swift in Sources */,
			);
			runOnlyForDeploymentPostprocessing = 0;
		};
/* End PBXSourcesBuildPhase section */

/* Begin XCBuildConfiguration section */
		BC0B8E8025491A5A000D4672 /* Debug */ = {
			isa = XCBuildConfiguration;
			buildSettings = {
				ALWAYS_SEARCH_USER_PATHS = NO;
				CLANG_ANALYZER_NONNULL = YES;
				CLANG_ANALYZER_NUMBER_OBJECT_CONVERSION = YES_AGGRESSIVE;
				CLANG_CXX_LANGUAGE_STANDARD = "gnu++14";
				CLANG_CXX_LIBRARY = "libc++";
				CLANG_ENABLE_MODULES = YES;
				CLANG_ENABLE_OBJC_ARC = YES;
				CLANG_ENABLE_OBJC_WEAK = YES;
				CLANG_WARN_BLOCK_CAPTURE_AUTORELEASING = YES;
				CLANG_WARN_BOOL_CONVERSION = YES;
				CLANG_WARN_COMMA = YES;
				CLANG_WARN_CONSTANT_CONVERSION = YES;
				CLANG_WARN_DEPRECATED_OBJC_IMPLEMENTATIONS = YES;
				CLANG_WARN_DIRECT_OBJC_ISA_USAGE = YES_ERROR;
				CLANG_WARN_DOCUMENTATION_COMMENTS = YES;
				CLANG_WARN_EMPTY_BODY = YES;
				CLANG_WARN_ENUM_CONVERSION = YES;
				CLANG_WARN_INFINITE_RECURSION = YES;
				CLANG_WARN_INT_CONVERSION = YES;
				CLANG_WARN_NON_LITERAL_NULL_CONVERSION = YES;
				CLANG_WARN_OBJC_IMPLICIT_RETAIN_SELF = YES;
				CLANG_WARN_OBJC_LITERAL_CONVERSION = YES;
				CLANG_WARN_OBJC_ROOT_CLASS = YES_ERROR;
				CLANG_WARN_QUOTED_INCLUDE_IN_FRAMEWORK_HEADER = YES;
				CLANG_WARN_RANGE_LOOP_ANALYSIS = YES;
				CLANG_WARN_STRICT_PROTOTYPES = YES;
				CLANG_WARN_SUSPICIOUS_MOVE = YES;
				CLANG_WARN_UNGUARDED_AVAILABILITY = YES_AGGRESSIVE;
				CLANG_WARN_UNREACHABLE_CODE = YES;
				CLANG_WARN__DUPLICATE_METHOD_MATCH = YES;
				COPY_PHASE_STRIP = NO;
				DEBUG_INFORMATION_FORMAT = dwarf;
				ENABLE_STRICT_OBJC_MSGSEND = YES;
				ENABLE_TESTABILITY = YES;
				GCC_C_LANGUAGE_STANDARD = gnu11;
				GCC_DYNAMIC_NO_PIC = NO;
				GCC_NO_COMMON_BLOCKS = YES;
				GCC_OPTIMIZATION_LEVEL = 0;
				GCC_PREPROCESSOR_DEFINITIONS = (
					"DEBUG=1",
					"$(inherited)",
				);
				GCC_WARN_64_TO_32_BIT_CONVERSION = YES;
				GCC_WARN_ABOUT_RETURN_TYPE = YES_ERROR;
				GCC_WARN_UNDECLARED_SELECTOR = YES;
				GCC_WARN_UNINITIALIZED_AUTOS = YES_AGGRESSIVE;
				GCC_WARN_UNUSED_FUNCTION = YES;
				GCC_WARN_UNUSED_VARIABLE = YES;
				IPHONEOS_DEPLOYMENT_TARGET = 14.1;
				MTL_ENABLE_DEBUG_INFO = INCLUDE_SOURCE;
				MTL_FAST_MATH = YES;
				ONLY_ACTIVE_ARCH = YES;
				SDKROOT = iphoneos;
				SWIFT_ACTIVE_COMPILATION_CONDITIONS = DEBUG;
				SWIFT_OPTIMIZATION_LEVEL = "-Onone";
			};
			name = Debug;
		};
		BC0B8E8125491A5A000D4672 /* Release */ = {
			isa = XCBuildConfiguration;
			buildSettings = {
				ALWAYS_SEARCH_USER_PATHS = NO;
				CLANG_ANALYZER_NONNULL = YES;
				CLANG_ANALYZER_NUMBER_OBJECT_CONVERSION = YES_AGGRESSIVE;
				CLANG_CXX_LANGUAGE_STANDARD = "gnu++14";
				CLANG_CXX_LIBRARY = "libc++";
				CLANG_ENABLE_MODULES = YES;
				CLANG_ENABLE_OBJC_ARC = YES;
				CLANG_ENABLE_OBJC_WEAK = YES;
				CLANG_WARN_BLOCK_CAPTURE_AUTORELEASING = YES;
				CLANG_WARN_BOOL_CONVERSION = YES;
				CLANG_WARN_COMMA = YES;
				CLANG_WARN_CONSTANT_CONVERSION = YES;
				CLANG_WARN_DEPRECATED_OBJC_IMPLEMENTATIONS = YES;
				CLANG_WARN_DIRECT_OBJC_ISA_USAGE = YES_ERROR;
				CLANG_WARN_DOCUMENTATION_COMMENTS = YES;
				CLANG_WARN_EMPTY_BODY = YES;
				CLANG_WARN_ENUM_CONVERSION = YES;
				CLANG_WARN_INFINITE_RECURSION = YES;
				CLANG_WARN_INT_CONVERSION = YES;
				CLANG_WARN_NON_LITERAL_NULL_CONVERSION = YES;
				CLANG_WARN_OBJC_IMPLICIT_RETAIN_SELF = YES;
				CLANG_WARN_OBJC_LITERAL_CONVERSION = YES;
				CLANG_WARN_OBJC_ROOT_CLASS = YES_ERROR;
				CLANG_WARN_QUOTED_INCLUDE_IN_FRAMEWORK_HEADER = YES;
				CLANG_WARN_RANGE_LOOP_ANALYSIS = YES;
				CLANG_WARN_STRICT_PROTOTYPES = YES;
				CLANG_WARN_SUSPICIOUS_MOVE = YES;
				CLANG_WARN_UNGUARDED_AVAILABILITY = YES_AGGRESSIVE;
				CLANG_WARN_UNREACHABLE_CODE = YES;
				CLANG_WARN__DUPLICATE_METHOD_MATCH = YES;
				COPY_PHASE_STRIP = NO;
				DEBUG_INFORMATION_FORMAT = "dwarf-with-dsym";
				ENABLE_NS_ASSERTIONS = NO;
				ENABLE_STRICT_OBJC_MSGSEND = YES;
				GCC_C_LANGUAGE_STANDARD = gnu11;
				GCC_NO_COMMON_BLOCKS = YES;
				GCC_WARN_64_TO_32_BIT_CONVERSION = YES;
				GCC_WARN_ABOUT_RETURN_TYPE = YES_ERROR;
				GCC_WARN_UNDECLARED_SELECTOR = YES;
				GCC_WARN_UNINITIALIZED_AUTOS = YES_AGGRESSIVE;
				GCC_WARN_UNUSED_FUNCTION = YES;
				GCC_WARN_UNUSED_VARIABLE = YES;
				IPHONEOS_DEPLOYMENT_TARGET = 14.1;
				MTL_ENABLE_DEBUG_INFO = NO;
				MTL_FAST_MATH = YES;
				SDKROOT = iphoneos;
				SWIFT_COMPILATION_MODE = wholemodule;
				SWIFT_OPTIMIZATION_LEVEL = "-O";
				VALIDATE_PRODUCT = YES;
			};
			name = Release;
		};
		BC0B8E8325491A5A000D4672 /* Debug */ = {
			isa = XCBuildConfiguration;
			buildSettings = {
				ASSETCATALOG_COMPILER_APPICON_NAME = AppIcon;
				ASSETCATALOG_COMPILER_GLOBAL_ACCENT_COLOR_NAME = AccentColor;
				CODE_SIGN_STYLE = Automatic;
				DEVELOPMENT_ASSET_PATHS = "\"ExNavigationLink/Preview Content\"";
				ENABLE_PREVIEWS = YES;
				INFOPLIST_FILE = ExNavigationLink/Info.plist;
				IPHONEOS_DEPLOYMENT_TARGET = 14.0;
				LD_RUNPATH_SEARCH_PATHS = (
					"$(inherited)",
					"@executable_path/Frameworks",
				);
				PRODUCT_BUNDLE_IDENTIFIER = leetingwei.ExNavigationLink;
				PRODUCT_NAME = "$(TARGET_NAME)";
				SWIFT_VERSION = 5.0;
				TARGETED_DEVICE_FAMILY = "1,2";
			};
			name = Debug;
		};
		BC0B8E8425491A5A000D4672 /* Release */ = {
			isa = XCBuildConfiguration;
			buildSettings = {
				ASSETCATALOG_COMPILER_APPICON_NAME = AppIcon;
				ASSETCATALOG_COMPILER_GLOBAL_ACCENT_COLOR_NAME = AccentColor;
				CODE_SIGN_STYLE = Automatic;
				DEVELOPMENT_ASSET_PATHS = "\"ExNavigationLink/Preview Content\"";
				ENABLE_PREVIEWS = YES;
				INFOPLIST_FILE = ExNavigationLink/Info.plist;
				IPHONEOS_DEPLOYMENT_TARGET = 14.0;
				LD_RUNPATH_SEARCH_PATHS = (
					"$(inherited)",
					"@executable_path/Frameworks",
				);
				PRODUCT_BUNDLE_IDENTIFIER = leetingwei.ExNavigationLink;
				PRODUCT_NAME = "$(TARGET_NAME)";
				SWIFT_VERSION = 5.0;
				TARGETED_DEVICE_FAMILY = "1,2";
			};
			name = Release;
		};
/* End XCBuildConfiguration section */

/* Begin XCConfigurationList section */
		BC0B8E6E25491A59000D4672 /* Build configuration list for PBXProject "ExNavigationLink" */ = {
			isa = XCConfigurationList;
			buildConfigurations = (
				BC0B8E8025491A5A000D4672 /* Debug */,
				BC0B8E8125491A5A000D4672 /* Release */,
			);
			defaultConfigurationIsVisible = 0;
			defaultConfigurationName = Release;
		};
		BC0B8E8225491A5A000D4672 /* Build configuration list for PBXNativeTarget "ExNavigationLink" */ = {
			isa = XCConfigurationList;
			buildConfigurations = (
				BC0B8E8325491A5A000D4672 /* Debug */,
				BC0B8E8425491A5A000D4672 /* Release */,
			);
			defaultConfigurationIsVisible = 0;
			defaultConfigurationName = Release;
		};
/* End XCConfigurationList section */
	};
	rootObject = BC0B8E6B25491A59000D4672 /* Project object */;
}
