// !$*UTF8*$!
{
	archiveVersion = 1;
	classes = {
	};
	objectVersion = 50;
	objects = {

/* Begin PBXBuildFile section */
		B939615824E28938007BC84C /* ExMapApp.swift in Sources */ = {isa = PBXBuildFile; fileRef = B939615724E28938007BC84C /* ExMapApp.swift */; };
		B939615A24E28938007BC84C /* ContentView.swift in Sources */ = {isa = PBXBuildFile; fileRef = B939615924E28938007BC84C /* ContentView.swift */; };
		B939615C24E2893E007BC84C /* Assets.xcassets in Resources */ = {isa = PBXBuildFile; fileRef = B939615B24E2893E007BC84C /* Assets.xcassets */; };
		B939615F24E2893E007BC84C /* Preview Assets.xcassets in Resources */ = {isa = PBXBuildFile; fileRef = B939615E24E2893E007BC84C /* Preview Assets.xcassets */; };
		B939616724E28997007BC84C /* MapView.swift in Sources */ = {isa = PBXBuildFile; fileRef = B939616624E28997007BC84C /* MapView.swift */; };
		B9F11F3824E4CF6F00AE5EAF /* LandmarkAnnotation.swift in Sources */ = {isa = PBXBuildFile; fileRef = B9F11F3724E4CF6F00AE5EAF /* LandmarkAnnotation.swift */; };
		B9F11F3A24E4D68000AE5EAF /* MapViewCoordinator.swift in Sources */ = {isa = PBXBuildFile; fileRef = B9F11F3924E4D68000AE5EAF /* MapViewCoordinator.swift */; };
/* End PBXBuildFile section */

/* Begin PBXFileReference section */
		B939615424E28938007BC84C /* ExMap.app */ = {isa = PBXFileReference; explicitFileType = wrapper.application; includeInIndex = 0; path = ExMap.app; sourceTree = BUILT_PRODUCTS_DIR; };
		B939615724E28938007BC84C /* ExMapApp.swift */ = {isa = PBXFileReference; lastKnownFileType = sourcecode.swift; path = ExMapApp.swift; sourceTree = "<group>"; };
		B939615924E28938007BC84C /* ContentView.swift */ = {isa = PBXFileReference; lastKnownFileType = sourcecode.swift; path = ContentView.swift; sourceTree = "<group>"; };
		B939615B24E2893E007BC84C /* Assets.xcassets */ = {isa = PBXFileReference; lastKnownFileType = folder.assetcatalog; path = Assets.xcassets; sourceTree = "<group>"; };
		B939615E24E2893E007BC84C /* Preview Assets.xcassets */ = {isa = PBXFileReference; lastKnownFileType = folder.assetcatalog; path = "Preview Assets.xcassets"; sourceTree = "<group>"; };
		B939616024E2893E007BC84C /* Info.plist */ = {isa = PBXFileReference; lastKnownFileType = text.plist.xml; path = Info.plist; sourceTree = "<group>"; };
		B939616624E28997007BC84C /* MapView.swift */ = {isa = PBXFileReference; lastKnownFileType = sourcecode.swift; path = MapView.swift; sourceTree = "<group>"; };
		B9F11F3724E4CF6F00AE5EAF /* LandmarkAnnotation.swift */ = {isa = PBXFileReference; lastKnownFileType = sourcecode.swift; path = LandmarkAnnotation.swift; sourceTree = "<group>"; };
		B9F11F3924E4D68000AE5EAF /* MapViewCoordinator.swift */ = {isa = PBXFileReference; lastKnownFileType = sourcecode.swift; path = MapViewCoordinator.swift; sourceTree = "<group>"; };
/* End PBXFileReference section */

/* Begin PBXFrameworksBuildPhase section */
		B939615124E28938007BC84C /* Frameworks */ = {
			isa = PBXFrameworksBuildPhase;
			buildActionMask = 2147483647;
			files = (
			);
			runOnlyForDeploymentPostprocessing = 0;
		};
/* End PBXFrameworksBuildPhase section */

/* Begin PBXGroup section */
		B939614B24E28938007BC84C = {
			isa = PBXGroup;
			children = (
				B939615624E28938007BC84C /* ExMap */,
				B939615524E28938007BC84C /* Products */,
			);
			sourceTree = "<group>";
		};
		B939615524E28938007BC84C /* Products */ = {
			isa = PBXGroup;
			children = (
				B939615424E28938007BC84C /* ExMap.app */,
			);
			name = Products;
			sourceTree = "<group>";
		};
		B939615624E28938007BC84C /* ExMap */ = {
			isa = PBXGroup;
			children = (
				B939615724E28938007BC84C /* ExMapApp.swift */,
				B939615924E28938007BC84C /* ContentView.swift */,
				B939616624E28997007BC84C /* MapView.swift */,
				B9F11F3724E4CF6F00AE5EAF /* LandmarkAnnotation.swift */,
				B9F11F3924E4D68000AE5EAF /* MapViewCoordinator.swift */,
				B939615B24E2893E007BC84C /* Assets.xcassets */,
				B939616024E2893E007BC84C /* Info.plist */,
				B939615D24E2893E007BC84C /* Preview Content */,
			);
			path = ExMap;
			sourceTree = "<group>";
		};
		B939615D24E2893E007BC84C /* Preview Content */ = {
			isa = PBXGroup;
			children = (
				B939615E24E2893E007BC84C /* Preview Assets.xcassets */,
			);
			path = "Preview Content";
			sourceTree = "<group>";
		};
/* End PBXGroup section */

/* Begin PBXNativeTarget section */
		B939615324E28938007BC84C /* ExMap */ = {
			isa = PBXNativeTarget;
			buildConfigurationList = B939616324E2893E007BC84C /* Build configuration list for PBXNativeTarget "ExMap" */;
			buildPhases = (
				B939615024E28938007BC84C /* Sources */,
				B939615124E28938007BC84C /* Frameworks */,
				B939615224E28938007BC84C /* Resources */,
			);
			buildRules = (
			);
			dependencies = (
			);
			name = ExMap;
			productName = ExMap;
			productReference = B939615424E28938007BC84C /* ExMap.app */;
			productType = "com.apple.product-type.application";
		};
/* End PBXNativeTarget section */

/* Begin PBXProject section */
		B939614C24E28938007BC84C /* Project object */ = {
			isa = PBXProject;
			attributes = {
				LastSwiftUpdateCheck = 1200;
				LastUpgradeCheck = 1200;
				TargetAttributes = {
					B939615324E28938007BC84C = {
						CreatedOnToolsVersion = 12.0;
					};
				};
			};
			buildConfigurationList = B939614F24E28938007BC84C /* Build configuration list for PBXProject "ExMap" */;
			compatibilityVersion = "Xcode 9.3";
			developmentRegion = en;
			hasScannedForEncodings = 0;
			knownRegions = (
				en,
				Base,
			);
			mainGroup = B939614B24E28938007BC84C;
			productRefGroup = B939615524E28938007BC84C /* Products */;
			projectDirPath = "";
			projectRoot = "";
			targets = (
				B939615324E28938007BC84C /* ExMap */,
			);
		};
/* End PBXProject section */

/* Begin PBXResourcesBuildPhase section */
		B939615224E28938007BC84C /* Resources */ = {
			isa = PBXResourcesBuildPhase;
			buildActionMask = 2147483647;
			files = (
				B939615F24E2893E007BC84C /* Preview Assets.xcassets in Resources */,
				B939615C24E2893E007BC84C /* Assets.xcassets in Resources */,
			);
			runOnlyForDeploymentPostprocessing = 0;
		};
/* End PBXResourcesBuildPhase section */

/* Begin PBXSourcesBuildPhase section */
		B939615024E28938007BC84C /* Sources */ = {
			isa = PBXSourcesBuildPhase;
			buildActionMask = 2147483647;
			files = (
				B9F11F3824E4CF6F00AE5EAF /* LandmarkAnnotation.swift in Sources */,
				B939615A24E28938007BC84C /* ContentView.swift in Sources */,
				B939616724E28997007BC84C /* MapView.swift in Sources */,
				B939615824E28938007BC84C /* ExMapApp.swift in Sources */,
				B9F11F3A24E4D68000AE5EAF /* MapViewCoordinator.swift in Sources */,
			);
			runOnlyForDeploymentPostprocessing = 0;
		};
/* End PBXSourcesBuildPhase section */

/* Begin XCBuildConfiguration section */
		B939616124E2893E007BC84C /* Debug */ = {
			isa = XCBuildConfiguration;
			buildSettings = {
				ALWAYS_SEARCH_USER_PATHS = NO;
				CLANG_ANALYZER_NONNULL = YES;
				CLANG_ANALYZER_NUMBER_OBJECT_CONVERSION = YES_AGGRESSIVE;
				CLANG_CXX_LANGUAGE_STANDARD = "gnu++14";
				CLANG_CXX_LIBRARY = "libc++";
				CLANG_ENABLE_MODULES = YES;
				CLANG_ENABLE_OBJC_ARC = YES;
				CLANG_ENABLE_OBJC_WEAK = YES;
				CLANG_WARN_BLOCK_CAPTURE_AUTORELEASING = YES;
				CLANG_WARN_BOOL_CONVERSION = YES;
				CLANG_WARN_COMMA = YES;
				CLANG_WARN_CONSTANT_CONVERSION = YES;
				CLANG_WARN_DEPRECATED_OBJC_IMPLEMENTATIONS = YES;
				CLANG_WARN_DIRECT_OBJC_ISA_USAGE = YES_ERROR;
				CLANG_WARN_DOCUMENTATION_COMMENTS = YES;
				CLANG_WARN_EMPTY_BODY = YES;
				CLANG_WARN_ENUM_CONVERSION = YES;
				CLANG_WARN_INFINITE_RECURSION = YES;
				CLANG_WARN_INT_CONVERSION = YES;
				CLANG_WARN_NON_LITERAL_NULL_CONVERSION = YES;
				CLANG_WARN_OBJC_IMPLICIT_RETAIN_SELF = YES;
				CLANG_WARN_OBJC_LITERAL_CONVERSION = YES;
				CLANG_WARN_OBJC_ROOT_CLASS = YES_ERROR;
				CLANG_WARN_QUOTED_INCLUDE_IN_FRAMEWORK_HEADER = YES;
				CLANG_WARN_RANGE_LOOP_ANALYSIS = YES;
				CLANG_WARN_STRICT_PROTOTYPES = YES;
				CLANG_WARN_SUSPICIOUS_MOVE = YES;
				CLANG_WARN_UNGUARDED_AVAILABILITY = YES_AGGRESSIVE;
				CLANG_WARN_UNREACHABLE_CODE = YES;
				CLANG_WARN__DUPLICATE_METHOD_MATCH = YES;
				COPY_PHASE_STRIP = NO;
				DEBUG_INFORMATION_FORMAT = dwarf;
				ENABLE_STRICT_OBJC_MSGSEND = YES;
				ENABLE_TESTABILITY = YES;
				GCC_C_LANGUAGE_STANDARD = gnu11;
				GCC_DYNAMIC_NO_PIC = NO;
				GCC_NO_COMMON_BLOCKS = YES;
				GCC_OPTIMIZATION_LEVEL = 0;
				GCC_PREPROCESSOR_DEFINITIONS = (
					"DEBUG=1",
					"$(inherited)",
				);
				GCC_WARN_64_TO_32_BIT_CONVERSION = YES;
				GCC_WARN_ABOUT_RETURN_TYPE = YES_ERROR;
				GCC_WARN_UNDECLARED_SELECTOR = YES;
				GCC_WARN_UNINITIALIZED_AUTOS = YES_AGGRESSIVE;
				GCC_WARN_UNUSED_FUNCTION = YES;
				GCC_WARN_UNUSED_VARIABLE = YES;
				IPHONEOS_DEPLOYMENT_TARGET = 14.0;
				MTL_ENABLE_DEBUG_INFO = INCLUDE_SOURCE;
				MTL_FAST_MATH = YES;
				ONLY_ACTIVE_ARCH = YES;
				SDKROOT = iphoneos;
				SWIFT_ACTIVE_COMPILATION_CONDITIONS = DEBUG;
				SWIFT_OPTIMIZATION_LEVEL = "-Onone";
			};
			name = Debug;
		};
		B939616224E2893E007BC84C /* Release */ = {
			isa = XCBuildConfiguration;
			buildSettings = {
				ALWAYS_SEARCH_USER_PATHS = NO;
				CLANG_ANALYZER_NONNULL = YES;
				CLANG_ANALYZER_NUMBER_OBJECT_CONVERSION = YES_AGGRESSIVE;
				CLANG_CXX_LANGUAGE_STANDARD = "gnu++14";
				CLANG_CXX_LIBRARY = "libc++";
				CLANG_ENABLE_MODULES = YES;
				CLANG_ENABLE_OBJC_ARC = YES;
				CLANG_ENABLE_OBJC_WEAK = YES;
				CLANG_WARN_BLOCK_CAPTURE_AUTORELEASING = YES;
				CLANG_WARN_BOOL_CONVERSION = YES;
				CLANG_WARN_COMMA = YES;
				CLANG_WARN_CONSTANT_CONVERSION = YES;
				CLANG_WARN_DEPRECATED_OBJC_IMPLEMENTATIONS = YES;
				CLANG_WARN_DIRECT_OBJC_ISA_USAGE = YES_ERROR;
				CLANG_WARN_DOCUMENTATION_COMMENTS = YES;
				CLANG_WARN_EMPTY_BODY = YES;
				CLANG_WARN_ENUM_CONVERSION = YES;
				CLANG_WARN_INFINITE_RECURSION = YES;
				CLANG_WARN_INT_CONVERSION = YES;
				CLANG_WARN_NON_LITERAL_NULL_CONVERSION = YES;
				CLANG_WARN_OBJC_IMPLICIT_RETAIN_SELF = YES;
				CLANG_WARN_OBJC_LITERAL_CONVERSION = YES;
				CLANG_WARN_OBJC_ROOT_CLASS = YES_ERROR;
				CLANG_WARN_QUOTED_INCLUDE_IN_FRAMEWORK_HEADER = YES;
				CLANG_WARN_RANGE_LOOP_ANALYSIS = YES;
				CLANG_WARN_STRICT_PROTOTYPES = YES;
				CLANG_WARN_SUSPICIOUS_MOVE = YES;
				CLANG_WARN_UNGUARDED_AVAILABILITY = YES_AGGRESSIVE;
				CLANG_WARN_UNREACHABLE_CODE = YES;
				CLANG_WARN__DUPLICATE_METHOD_MATCH = YES;
				COPY_PHASE_STRIP = NO;
				DEBUG_INFORMATION_FORMAT = "dwarf-with-dsym";
				ENABLE_NS_ASSERTIONS = NO;
				ENABLE_STRICT_OBJC_MSGSEND = YES;
				GCC_C_LANGUAGE_STANDARD = gnu11;
				GCC_NO_COMMON_BLOCKS = YES;
				GCC_WARN_64_TO_32_BIT_CONVERSION = YES;
				GCC_WARN_ABOUT_RETURN_TYPE = YES_ERROR;
				GCC_WARN_UNDECLARED_SELECTOR = YES;
				GCC_WARN_UNINITIALIZED_AUTOS = YES_AGGRESSIVE;
				GCC_WARN_UNUSED_FUNCTION = YES;
				GCC_WARN_UNUSED_VARIABLE = YES;
				IPHONEOS_DEPLOYMENT_TARGET = 14.0;
				MTL_ENABLE_DEBUG_INFO = NO;
				MTL_FAST_MATH = YES;
				SDKROOT = iphoneos;
				SWIFT_COMPILATION_MODE = wholemodule;
				SWIFT_OPTIMIZATION_LEVEL = "-O";
				VALIDATE_PRODUCT = YES;
			};
			name = Release;
		};
		B939616424E2893E007BC84C /* Debug */ = {
			isa = XCBuildConfiguration;
			buildSettings = {
				ASSETCATALOG_COMPILER_APPICON_NAME = AppIcon;
				ASSETCATALOG_COMPILER_GLOBAL_ACCENT_COLOR_NAME = AccentColor;
				CODE_SIGN_STYLE = Automatic;
				DEVELOPMENT_ASSET_PATHS = "\"ExMap/Preview Content\"";
				ENABLE_PREVIEWS = YES;
				INFOPLIST_FILE = ExMap/Info.plist;
				IPHONEOS_DEPLOYMENT_TARGET = 14.0;
				LD_RUNPATH_SEARCH_PATHS = (
					"$(inherited)",
					"@executable_path/Frameworks",
				);
				PRODUCT_BUNDLE_IDENTIFIER = a.ExMap;
				PRODUCT_NAME = "$(TARGET_NAME)";
				SWIFT_VERSION = 5.0;
				TARGETED_DEVICE_FAMILY = "1,2";
			};
			name = Debug;
		};
		B939616524E2893E007BC84C /* Release */ = {
			isa = XCBuildConfiguration;
			buildSettings = {
				ASSETCATALOG_COMPILER_APPICON_NAME = AppIcon;
				ASSETCATALOG_COMPILER_GLOBAL_ACCENT_COLOR_NAME = AccentColor;
				CODE_SIGN_STYLE = Automatic;
				DEVELOPMENT_ASSET_PATHS = "\"ExMap/Preview Content\"";
				ENABLE_PREVIEWS = YES;
				INFOPLIST_FILE = ExMap/Info.plist;
				IPHONEOS_DEPLOYMENT_TARGET = 14.0;
				LD_RUNPATH_SEARCH_PATHS = (
					"$(inherited)",
					"@executable_path/Frameworks",
				);
				PRODUCT_BUNDLE_IDENTIFIER = a.ExMap;
				PRODUCT_NAME = "$(TARGET_NAME)";
				SWIFT_VERSION = 5.0;
				TARGETED_DEVICE_FAMILY = "1,2";
			};
			name = Release;
		};
/* End XCBuildConfiguration section */

/* Begin XCConfigurationList section */
		B939614F24E28938007BC84C /* Build configuration list for PBXProject "ExMap" */ = {
			isa = XCConfigurationList;
			buildConfigurations = (
				B939616124E2893E007BC84C /* Debug */,
				B939616224E2893E007BC84C /* Release */,
			);
			defaultConfigurationIsVisible = 0;
			defaultConfigurationName = Release;
		};
		B939616324E2893E007BC84C /* Build configuration list for PBXNativeTarget "ExMap" */ = {
			isa = XCConfigurationList;
			buildConfigurations = (
				B939616424E2893E007BC84C /* Debug */,
				B939616524E2893E007BC84C /* Release */,
			);
			defaultConfigurationIsVisible = 0;
			defaultConfigurationName = Release;
		};
/* End XCConfigurationList section */
	};
	rootObject = B939614C24E28938007BC84C /* Project object */;
}
