// !$*UTF8*$!
{
	archiveVersion = 1;
	classes = {
	};
	objectVersion = 50;
	objects = {

/* Begin PBXBuildFile section */
		BC4DBB62254F9B0E00984161 /* AppDelegate.swift in Sources */ = {isa = PBXBuildFile; fileRef = BC4DBB61254F9B0E00984161 /* AppDelegate.swift */; };
		BC4DBB64254F9B0E00984161 /* SceneDelegate.swift in Sources */ = {isa = PBXBuildFile; fileRef = BC4DBB63254F9B0E00984161 /* SceneDelegate.swift */; };
		BC4DBB66254F9B0E00984161 /* ViewController.swift in Sources */ = {isa = PBXBuildFile; fileRef = BC4DBB65254F9B0E00984161 /* ViewController.swift */; };
		BC4DBB69254F9B0E00984161 /* Main.storyboard in Resources */ = {isa = PBXBuildFile; fileRef = BC4DBB67254F9B0E00984161 /* Main.storyboard */; };
		BC4DBB6B254F9B0F00984161 /* Assets.xcassets in Resources */ = {isa = PBXBuildFile; fileRef = BC4DBB6A254F9B0F00984161 /* Assets.xcassets */; };
		BC4DBB6E254F9B0F00984161 /* LaunchScreen.storyboard in Resources */ = {isa = PBXBuildFile; fileRef = BC4DBB6C254F9B0F00984161 /* LaunchScreen.storyboard */; };
		BC4DBB78254FA46C00984161 /* LockCollectionView.swift in Sources */ = {isa = PBXBuildFile; fileRef = BC4DBB77254FA46C00984161 /* LockCollectionView.swift */; };
/* End PBXBuildFile section */

/* Begin PBXFileReference section */
		BC4DBB5E254F9B0E00984161 /* ExSBGrpahLogin.app */ = {isa = PBXFileReference; explicitFileType = wrapper.application; includeInIndex = 0; path = ExSBGrpahLogin.app; sourceTree = BUILT_PRODUCTS_DIR; };
		BC4DBB61254F9B0E00984161 /* AppDelegate.swift */ = {isa = PBXFileReference; lastKnownFileType = sourcecode.swift; path = AppDelegate.swift; sourceTree = "<group>"; };
		BC4DBB63254F9B0E00984161 /* SceneDelegate.swift */ = {isa = PBXFileReference; lastKnownFileType = sourcecode.swift; path = SceneDelegate.swift; sourceTree = "<group>"; };
		BC4DBB65254F9B0E00984161 /* ViewController.swift */ = {isa = PBXFileReference; lastKnownFileType = sourcecode.swift; path = ViewController.swift; sourceTree = "<group>"; };
		BC4DBB68254F9B0E00984161 /* Base */ = {isa = PBXFileReference; lastKnownFileType = file.storyboard; name = Base; path = Base.lproj/Main.storyboard; sourceTree = "<group>"; };
		BC4DBB6A254F9B0F00984161 /* Assets.xcassets */ = {isa = PBXFileReference; lastKnownFileType = folder.assetcatalog; path = Assets.xcassets; sourceTree = "<group>"; };
		BC4DBB6D254F9B0F00984161 /* Base */ = {isa = PBXFileReference; lastKnownFileType = file.storyboard; name = Base; path = Base.lproj/LaunchScreen.storyboard; sourceTree = "<group>"; };
		BC4DBB6F254F9B0F00984161 /* Info.plist */ = {isa = PBXFileReference; lastKnownFileType = text.plist.xml; path = Info.plist; sourceTree = "<group>"; };
		BC4DBB77254FA46C00984161 /* LockCollectionView.swift */ = {isa = PBXFileReference; lastKnownFileType = sourcecode.swift; path = LockCollectionView.swift; sourceTree = "<group>"; };
/* End PBXFileReference section */

/* Begin PBXFrameworksBuildPhase section */
		BC4DBB5B254F9B0E00984161 /* Frameworks */ = {
			isa = PBXFrameworksBuildPhase;
			buildActionMask = 2147483647;
			files = (
			);
			runOnlyForDeploymentPostprocessing = 0;
		};
/* End PBXFrameworksBuildPhase section */

/* Begin PBXGroup section */
		BC4DBB55254F9B0E00984161 = {
			isa = PBXGroup;
			children = (
				BC4DBB60254F9B0E00984161 /* ExSBGrpahLogin */,
				BC4DBB5F254F9B0E00984161 /* Products */,
			);
			sourceTree = "<group>";
		};
		BC4DBB5F254F9B0E00984161 /* Products */ = {
			isa = PBXGroup;
			children = (
				BC4DBB5E254F9B0E00984161 /* ExSBGrpahLogin.app */,
			);
			name = Products;
			sourceTree = "<group>";
		};
		BC4DBB60254F9B0E00984161 /* ExSBGrpahLogin */ = {
			isa = PBXGroup;
			children = (
				BC4DBB6F254F9B0F00984161 /* Info.plist */,
				BC4DBB61254F9B0E00984161 /* AppDelegate.swift */,
				BC4DBB63254F9B0E00984161 /* SceneDelegate.swift */,
				BC4DBB6C254F9B0F00984161 /* LaunchScreen.storyboard */,
				BC4DBB67254F9B0E00984161 /* Main.storyboard */,
				BC4DBB65254F9B0E00984161 /* ViewController.swift */,
				BC4DBB77254FA46C00984161 /* LockCollectionView.swift */,
				BC4DBB6A254F9B0F00984161 /* Assets.xcassets */,
			);
			path = ExSBGrpahLogin;
			sourceTree = "<group>";
		};
/* End PBXGroup section */

/* Begin PBXNativeTarget section */
		BC4DBB5D254F9B0E00984161 /* ExSBGrpahLogin */ = {
			isa = PBXNativeTarget;
			buildConfigurationList = BC4DBB72254F9B0F00984161 /* Build configuration list for PBXNativeTarget "ExSBGrpahLogin" */;
			buildPhases = (
				BC4DBB5A254F9B0E00984161 /* Sources */,
				BC4DBB5B254F9B0E00984161 /* Frameworks */,
				BC4DBB5C254F9B0E00984161 /* Resources */,
			);
			buildRules = (
			);
			dependencies = (
			);
			name = ExSBGrpahLogin;
			productName = ExSBGrpahLogin;
			productReference = BC4DBB5E254F9B0E00984161 /* ExSBGrpahLogin.app */;
			productType = "com.apple.product-type.application";
		};
/* End PBXNativeTarget section */

/* Begin PBXProject section */
		BC4DBB56254F9B0E00984161 /* Project object */ = {
			isa = PBXProject;
			attributes = {
				LastSwiftUpdateCheck = 1210;
				LastUpgradeCheck = 1210;
				TargetAttributes = {
					BC4DBB5D254F9B0E00984161 = {
						CreatedOnToolsVersion = 12.1;
					};
				};
			};
			buildConfigurationList = BC4DBB59254F9B0E00984161 /* Build configuration list for PBXProject "ExSBGrpahLogin" */;
			compatibilityVersion = "Xcode 9.3";
			developmentRegion = en;
			hasScannedForEncodings = 0;
			knownRegions = (
				en,
				Base,
			);
			mainGroup = BC4DBB55254F9B0E00984161;
			productRefGroup = BC4DBB5F254F9B0E00984161 /* Products */;
			projectDirPath = "";
			projectRoot = "";
			targets = (
				BC4DBB5D254F9B0E00984161 /* ExSBGrpahLogin */,
			);
		};
/* End PBXProject section */

/* Begin PBXResourcesBuildPhase section */
		BC4DBB5C254F9B0E00984161 /* Resources */ = {
			isa = PBXResourcesBuildPhase;
			buildActionMask = 2147483647;
			files = (
				BC4DBB6E254F9B0F00984161 /* LaunchScreen.storyboard in Resources */,
				BC4DBB6B254F9B0F00984161 /* Assets.xcassets in Resources */,
				BC4DBB69254F9B0E00984161 /* Main.storyboard in Resources */,
			);
			runOnlyForDeploymentPostprocessing = 0;
		};
/* End PBXResourcesBuildPhase section */

/* Begin PBXSourcesBuildPhase section */
		BC4DBB5A254F9B0E00984161 /* Sources */ = {
			isa = PBXSourcesBuildPhase;
			buildActionMask = 2147483647;
			files = (
				BC4DBB66254F9B0E00984161 /* ViewController.swift in Sources */,
				BC4DBB62254F9B0E00984161 /* AppDelegate.swift in Sources */,
				BC4DBB78254FA46C00984161 /* LockCollectionView.swift in Sources */,
				BC4DBB64254F9B0E00984161 /* SceneDelegate.swift in Sources */,
			);
			runOnlyForDeploymentPostprocessing = 0;
		};
/* End PBXSourcesBuildPhase section */

/* Begin PBXVariantGroup section */
		BC4DBB67254F9B0E00984161 /* Main.storyboard */ = {
			isa = PBXVariantGroup;
			children = (
				BC4DBB68254F9B0E00984161 /* Base */,
			);
			name = Main.storyboard;
			sourceTree = "<group>";
		};
		BC4DBB6C254F9B0F00984161 /* LaunchScreen.storyboard */ = {
			isa = PBXVariantGroup;
			children = (
				BC4DBB6D254F9B0F00984161 /* Base */,
			);
			name = LaunchScreen.storyboard;
			sourceTree = "<group>";
		};
/* End PBXVariantGroup section */

/* Begin XCBuildConfiguration section */
		BC4DBB70254F9B0F00984161 /* Debug */ = {
			isa = XCBuildConfiguration;
			buildSettings = {
				ALWAYS_SEARCH_USER_PATHS = NO;
				CLANG_ANALYZER_NONNULL = YES;
				CLANG_ANALYZER_NUMBER_OBJECT_CONVERSION = YES_AGGRESSIVE;
				CLANG_CXX_LANGUAGE_STANDARD = "gnu++14";
				CLANG_CXX_LIBRARY = "libc++";
				CLANG_ENABLE_MODULES = YES;
				CLANG_ENABLE_OBJC_ARC = YES;
				CLANG_ENABLE_OBJC_WEAK = YES;
				CLANG_WARN_BLOCK_CAPTURE_AUTORELEASING = YES;
				CLANG_WARN_BOOL_CONVERSION = YES;
				CLANG_WARN_COMMA = YES;
				CLANG_WARN_CONSTANT_CONVERSION = YES;
				CLANG_WARN_DEPRECATED_OBJC_IMPLEMENTATIONS = YES;
				CLANG_WARN_DIRECT_OBJC_ISA_USAGE = YES_ERROR;
				CLANG_WARN_DOCUMENTATION_COMMENTS = YES;
				CLANG_WARN_EMPTY_BODY = YES;
				CLANG_WARN_ENUM_CONVERSION = YES;
				CLANG_WARN_INFINITE_RECURSION = YES;
				CLANG_WARN_INT_CONVERSION = YES;
				CLANG_WARN_NON_LITERAL_NULL_CONVERSION = YES;
				CLANG_WARN_OBJC_IMPLICIT_RETAIN_SELF = YES;
				CLANG_WARN_OBJC_LITERAL_CONVERSION = YES;
				CLANG_WARN_OBJC_ROOT_CLASS = YES_ERROR;
				CLANG_WARN_QUOTED_INCLUDE_IN_FRAMEWORK_HEADER = YES;
				CLANG_WARN_RANGE_LOOP_ANALYSIS = YES;
				CLANG_WARN_STRICT_PROTOTYPES = YES;
				CLANG_WARN_SUSPICIOUS_MOVE = YES;
				CLANG_WARN_UNGUARDED_AVAILABILITY = YES_AGGRESSIVE;
				CLANG_WARN_UNREACHABLE_CODE = YES;
				CLANG_WARN__DUPLICATE_METHOD_MATCH = YES;
				COPY_PHASE_STRIP = NO;
				DEBUG_INFORMATION_FORMAT = dwarf;
				ENABLE_STRICT_OBJC_MSGSEND = YES;
				ENABLE_TESTABILITY = YES;
				GCC_C_LANGUAGE_STANDARD = gnu11;
				GCC_DYNAMIC_NO_PIC = NO;
				GCC_NO_COMMON_BLOCKS = YES;
				GCC_OPTIMIZATION_LEVEL = 0;
				GCC_PREPROCESSOR_DEFINITIONS = (
					"DEBUG=1",
					"$(inherited)",
				);
				GCC_WARN_64_TO_32_BIT_CONVERSION = YES;
				GCC_WARN_ABOUT_RETURN_TYPE = YES_ERROR;
				GCC_WARN_UNDECLARED_SELECTOR = YES;
				GCC_WARN_UNINITIALIZED_AUTOS = YES_AGGRESSIVE;
				GCC_WARN_UNUSED_FUNCTION = YES;
				GCC_WARN_UNUSED_VARIABLE = YES;
				IPHONEOS_DEPLOYMENT_TARGET = 14.1;
				MTL_ENABLE_DEBUG_INFO = INCLUDE_SOURCE;
				MTL_FAST_MATH = YES;
				ONLY_ACTIVE_ARCH = YES;
				SDKROOT = iphoneos;
				SWIFT_ACTIVE_COMPILATION_CONDITIONS = DEBUG;
				SWIFT_OPTIMIZATION_LEVEL = "-Onone";
			};
			name = Debug;
		};
		BC4DBB71254F9B0F00984161 /* Release */ = {
			isa = XCBuildConfiguration;
			buildSettings = {
				ALWAYS_SEARCH_USER_PATHS = NO;
				CLANG_ANALYZER_NONNULL = YES;
				CLANG_ANALYZER_NUMBER_OBJECT_CONVERSION = YES_AGGRESSIVE;
				CLANG_CXX_LANGUAGE_STANDARD = "gnu++14";
				CLANG_CXX_LIBRARY = "libc++";
				CLANG_ENABLE_MODULES = YES;
				CLANG_ENABLE_OBJC_ARC = YES;
				CLANG_ENABLE_OBJC_WEAK = YES;
				CLANG_WARN_BLOCK_CAPTURE_AUTORELEASING = YES;
				CLANG_WARN_BOOL_CONVERSION = YES;
				CLANG_WARN_COMMA = YES;
				CLANG_WARN_CONSTANT_CONVERSION = YES;
				CLANG_WARN_DEPRECATED_OBJC_IMPLEMENTATIONS = YES;
				CLANG_WARN_DIRECT_OBJC_ISA_USAGE = YES_ERROR;
				CLANG_WARN_DOCUMENTATION_COMMENTS = YES;
				CLANG_WARN_EMPTY_BODY = YES;
				CLANG_WARN_ENUM_CONVERSION = YES;
				CLANG_WARN_INFINITE_RECURSION = YES;
				CLANG_WARN_INT_CONVERSION = YES;
				CLANG_WARN_NON_LITERAL_NULL_CONVERSION = YES;
				CLANG_WARN_OBJC_IMPLICIT_RETAIN_SELF = YES;
				CLANG_WARN_OBJC_LITERAL_CONVERSION = YES;
				CLANG_WARN_OBJC_ROOT_CLASS = YES_ERROR;
				CLANG_WARN_QUOTED_INCLUDE_IN_FRAMEWORK_HEADER = YES;
				CLANG_WARN_RANGE_LOOP_ANALYSIS = YES;
				CLANG_WARN_STRICT_PROTOTYPES = YES;
				CLANG_WARN_SUSPICIOUS_MOVE = YES;
				CLANG_WARN_UNGUARDED_AVAILABILITY = YES_AGGRESSIVE;
				CLANG_WARN_UNREACHABLE_CODE = YES;
				CLANG_WARN__DUPLICATE_METHOD_MATCH = YES;
				COPY_PHASE_STRIP = NO;
				DEBUG_INFORMATION_FORMAT = "dwarf-with-dsym";
				ENABLE_NS_ASSERTIONS = NO;
				ENABLE_STRICT_OBJC_MSGSEND = YES;
				GCC_C_LANGUAGE_STANDARD = gnu11;
				GCC_NO_COMMON_BLOCKS = YES;
				GCC_WARN_64_TO_32_BIT_CONVERSION = YES;
				GCC_WARN_ABOUT_RETURN_TYPE = YES_ERROR;
				GCC_WARN_UNDECLARED_SELECTOR = YES;
				GCC_WARN_UNINITIALIZED_AUTOS = YES_AGGRESSIVE;
				GCC_WARN_UNUSED_FUNCTION = YES;
				GCC_WARN_UNUSED_VARIABLE = YES;
				IPHONEOS_DEPLOYMENT_TARGET = 14.1;
				MTL_ENABLE_DEBUG_INFO = NO;
				MTL_FAST_MATH = YES;
				SDKROOT = iphoneos;
				SWIFT_COMPILATION_MODE = wholemodule;
				SWIFT_OPTIMIZATION_LEVEL = "-O";
				VALIDATE_PRODUCT = YES;
			};
			name = Release;
		};
		BC4DBB73254F9B0F00984161 /* Debug */ = {
			isa = XCBuildConfiguration;
			buildSettings = {
				ASSETCATALOG_COMPILER_APPICON_NAME = AppIcon;
				ASSETCATALOG_COMPILER_GLOBAL_ACCENT_COLOR_NAME = AccentColor;
				CODE_SIGN_STYLE = Automatic;
				INFOPLIST_FILE = ExSBGrpahLogin/Info.plist;
				LD_RUNPATH_SEARCH_PATHS = (
					"$(inherited)",
					"@executable_path/Frameworks",
				);
				PRODUCT_BUNDLE_IDENTIFIER = leetingwei.ExSBGrpahLogin;
				PRODUCT_NAME = "$(TARGET_NAME)";
				SWIFT_VERSION = 5.0;
				TARGETED_DEVICE_FAMILY = "1,2";
			};
			name = Debug;
		};
		BC4DBB74254F9B0F00984161 /* Release */ = {
			isa = XCBuildConfiguration;
			buildSettings = {
				ASSETCATALOG_COMPILER_APPICON_NAME = AppIcon;
				ASSETCATALOG_COMPILER_GLOBAL_ACCENT_COLOR_NAME = AccentColor;
				CODE_SIGN_STYLE = Automatic;
				INFOPLIST_FILE = ExSBGrpahLogin/Info.plist;
				LD_RUNPATH_SEARCH_PATHS = (
					"$(inherited)",
					"@executable_path/Frameworks",
				);
				PRODUCT_BUNDLE_IDENTIFIER = leetingwei.ExSBGrpahLogin;
				PRODUCT_NAME = "$(TARGET_NAME)";
				SWIFT_VERSION = 5.0;
				TARGETED_DEVICE_FAMILY = "1,2";
			};
			name = Release;
		};
/* End XCBuildConfiguration section */

/* Begin XCConfigurationList section */
		BC4DBB59254F9B0E00984161 /* Build configuration list for PBXProject "ExSBGrpahLogin" */ = {
			isa = XCConfigurationList;
			buildConfigurations = (
				BC4DBB70254F9B0F00984161 /* Debug */,
				BC4DBB71254F9B0F00984161 /* Release */,
			);
			defaultConfigurationIsVisible = 0;
			defaultConfigurationName = Release;
		};
		BC4DBB72254F9B0F00984161 /* Build configuration list for PBXNativeTarget "ExSBGrpahLogin" */ = {
			isa = XCConfigurationList;
			buildConfigurations = (
				BC4DBB73254F9B0F00984161 /* Debug */,
				BC4DBB74254F9B0F00984161 /* Release */,
			);
			defaultConfigurationIsVisible = 0;
			defaultConfigurationName = Release;
		};
/* End XCConfigurationList section */
	};
	rootObject = BC4DBB56254F9B0E00984161 /* Project object */;
}
